
Microsoft Visual Studio Solution File, Format Version 12.00
# Visual Studio Version 17
Project("{2150E333-8FDC-42A3-9474-1A3956D46DE8}") = "CMakePredefinedTargets", "CMakePredefinedTargets", "{45DCEDFB-5936-3874-859C-BC2C9CE73831}"
EndProject
Project("{2150E333-8FDC-42A3-9474-1A3956D46DE8}") = "GLFW3", "GLFW3", "{7866E3ED-67C7-39CE-8D5D-120788A909D2}"
EndProject
Project("{2150E333-8FDC-42A3-9474-1A3956D46DE8}") = "Examples", "GLFW3\Examples", "{2E5E3842-FF2D-346D-99D8-355461EDD23D}"
EndProject
Project("{2150E333-8FDC-42A3-9474-1A3956D46DE8}") = "Tests", "GLFW3\Tests", "{367D0213-5040-3749-A1A2-7354FD85C62C}"
EndProject
Project("{8BC9CEB8-8B4A-11D0-8D11-00A0C91BC942}") = "ALL_BUILD", "ALL_BUILD.vcxproj", "{EE49F648-0FA4-3308-A11D-677E5D43DF64}"
	ProjectSection(ProjectDependencies) = postProject
		{17971743-3F47-3163-BE1E-45EC4FE5F9BA} = {17971743-3F47-3163-BE1E-45EC4FE5F9BA}
		{7A3B2F60-003B-3176-A938-58C51E86BCC3} = {7A3B2F60-003B-3176-A938-58C51E86BCC3}
		{2EFEEAE3-A7BA-3598-9892-EB8D4B1B31F7} = {2EFEEAE3-A7BA-3598-9892-EB8D4B1B31F7}
		{AD677161-DA99-3F96-8C2A-2223FF89FFFE} = {AD677161-DA99-3F96-8C2A-2223FF89FFFE}
		{2028A116-BF8A-33DC-85CE-DA9CBB9C6002} = {2028A116-BF8A-33DC-85CE-DA9CBB9C6002}
		{25D9D076-A778-35AB-9CBA-A051A0FA872D} = {25D9D076-A778-35AB-9CBA-A051A0FA872D}
		{6E650D0D-882C-3036-A0DE-F70C753E9B19} = {6E650D0D-882C-3036-A0DE-F70C753E9B19}
		{6765C01E-D521-388C-A1C6-E8875CCB1BF0} = {6765C01E-D521-388C-A1C6-E8875CCB1BF0}
		{EEA8488D-911F-34F8-A830-37A3403D058C} = {EEA8488D-911F-34F8-A830-37A3403D058C}
		{37620FF7-560E-3A3E-9C64-AE34D233BB0C} = {37620FF7-560E-3A3E-9C64-AE34D233BB0C}
		{9D56AFBD-B25E-3F42-AE58-1B46C5C948B9} = {9D56AFBD-B25E-3F42-AE58-1B46C5C948B9}
		{84DF3CD1-AB11-38A5-B93C-CF4B213E18AB} = {84DF3CD1-AB11-38A5-B93C-CF4B213E18AB}
		{58D665CB-237A-34E5-8C2C-F5CE1F7AE9E0} = {58D665CB-237A-34E5-8C2C-F5CE1F7AE9E0}
		{B5F1595E-4120-3CC3-8482-9029627F108F} = {B5F1595E-4120-3CC3-8482-9029627F108F}
		{EA31FCC7-02CA-34C9-AE3C-A0BB89751726} = {EA31FCC7-02CA-34C9-AE3C-A0BB89751726}
		{2BFAEF00-126F-31DF-820B-076E294BD34E} = {2BFAEF00-126F-31DF-820B-076E294BD34E}
		{DAD0C144-7DE7-3313-BBA2-23BE6534708D} = {DAD0C144-7DE7-3313-BBA2-23BE6534708D}
		{B4F75CF2-FB1D-3833-9644-10F0DD258460} = {B4F75CF2-FB1D-3833-9644-10F0DD258460}
		{AABBF6C9-09DE-39F6-9F36-4532BEA81552} = {AABBF6C9-09DE-39F6-9F36-4532BEA81552}
		{D12B7370-2394-3C1D-A137-880518CA2E59} = {D12B7370-2394-3C1D-A137-880518CA2E59}
		{4BA354F0-037F-36FC-A5D4-3B193DCFB999} = {4BA354F0-037F-36FC-A5D4-3B193DCFB999}
		{BBB28DB4-3818-3D2C-A594-84D4203CD8D1} = {BBB28DB4-3818-3D2C-A594-84D4203CD8D1}
		{02977144-F91E-378E-B53B-A7725EC9CFCA} = {02977144-F91E-378E-B53B-A7725EC9CFCA}
		{BC80CC7B-D8F7-39A4-892C-3CFDAD717CBD} = {BC80CC7B-D8F7-39A4-892C-3CFDAD717CBD}
		{52E6A445-0B57-3C6B-A582-2FA89DCD7246} = {52E6A445-0B57-3C6B-A582-2FA89DCD7246}
		{7C0C19C9-BF7C-36C7-9C1C-9D43A1B14A51} = {7C0C19C9-BF7C-36C7-9C1C-9D43A1B14A51}
		{A43E2A8A-2AA1-3887-95BC-09D73E17C662} = {A43E2A8A-2AA1-3887-95BC-09D73E17C662}
		{37C06FDE-5378-368A-A031-D56C63FE9911} = {37C06FDE-5378-368A-A031-D56C63FE9911}
		{58C8A5F8-4EFF-3B60-AA33-206860312081} = {58C8A5F8-4EFF-3B60-AA33-206860312081}
		{E206FBC5-B3B8-3E6C-94A0-9002D0587A93} = {E206FBC5-B3B8-3E6C-94A0-9002D0587A93}
		{499114B2-0EA5-3B5C-93FE-44969A2A6086} = {499114B2-0EA5-3B5C-93FE-44969A2A6086}
		{F898EE3B-11D6-34ED-BFB5-DB7C2CF96E91} = {F898EE3B-11D6-34ED-BFB5-DB7C2CF96E91}
		{7D1E9498-DC00-315C-931C-83605BF26002} = {7D1E9498-DC00-315C-931C-83605BF26002}
	EndProjectSection
EndProject
Project("{8BC9CEB8-8B4A-11D0-8D11-00A0C91BC942}") = "INSTALL", "INSTALL.vcxproj", "{FAD18C56-AF35-3D30-8036-268CA876A4EF}"
	ProjectSection(ProjectDependencies) = postProject
		{EE49F648-0FA4-3308-A11D-677E5D43DF64} = {EE49F648-0FA4-3308-A11D-677E5D43DF64}
		{17971743-3F47-3163-BE1E-45EC4FE5F9BA} = {17971743-3F47-3163-BE1E-45EC4FE5F9BA}
	EndProjectSection
EndProject
Project("{8BC9CEB8-8B4A-11D0-8D11-00A0C91BC942}") = "ZERO_CHECK", "ZERO_CHECK.vcxproj", "{17971743-3F47-3163-BE1E-45EC4FE5F9BA}"
	ProjectSection(ProjectDependencies) = postProject
	EndProjectSection
EndProject
Project("{8BC9CEB8-8B4A-11D0-8D11-00A0C91BC942}") = "allocator", "tests\allocator.vcxproj", "{7A3B2F60-003B-3176-A938-58C51E86BCC3}"
	ProjectSection(ProjectDependencies) = postProject
		{17971743-3F47-3163-BE1E-45EC4FE5F9BA} = {17971743-3F47-3163-BE1E-45EC4FE5F9BA}
		{37620FF7-560E-3A3E-9C64-AE34D233BB0C} = {37620FF7-560E-3A3E-9C64-AE34D233BB0C}
	EndProjectSection
EndProject
Project("{8BC9CEB8-8B4A-11D0-8D11-00A0C91BC942}") = "boing", "examples\boing.vcxproj", "{2EFEEAE3-A7BA-3598-9892-EB8D4B1B31F7}"
	ProjectSection(ProjectDependencies) = postProject
		{17971743-3F47-3163-BE1E-45EC4FE5F9BA} = {17971743-3F47-3163-BE1E-45EC4FE5F9BA}
		{37620FF7-560E-3A3E-9C64-AE34D233BB0C} = {37620FF7-560E-3A3E-9C64-AE34D233BB0C}
	EndProjectSection
EndProject
Project("{8BC9CEB8-8B4A-11D0-8D11-00A0C91BC942}") = "clipboard", "tests\clipboard.vcxproj", "{AD677161-DA99-3F96-8C2A-2223FF89FFFE}"
	ProjectSection(ProjectDependencies) = postProject
		{17971743-3F47-3163-BE1E-45EC4FE5F9BA} = {17971743-3F47-3163-BE1E-45EC4FE5F9BA}
		{37620FF7-560E-3A3E-9C64-AE34D233BB0C} = {37620FF7-560E-3A3E-9C64-AE34D233BB0C}
	EndProjectSection
EndProject
Project("{8BC9CEB8-8B4A-11D0-8D11-00A0C91BC942}") = "cursor", "tests\cursor.vcxproj", "{2028A116-BF8A-33DC-85CE-DA9CBB9C6002}"
	ProjectSection(ProjectDependencies) = postProject
		{17971743-3F47-3163-BE1E-45EC4FE5F9BA} = {17971743-3F47-3163-BE1E-45EC4FE5F9BA}
		{37620FF7-560E-3A3E-9C64-AE34D233BB0C} = {37620FF7-560E-3A3E-9C64-AE34D233BB0C}
	EndProjectSection
EndProject
Project("{8BC9CEB8-8B4A-11D0-8D11-00A0C91BC942}") = "empty", "tests\empty.vcxproj", "{25D9D076-A778-35AB-9CBA-A051A0FA872D}"
	ProjectSection(ProjectDependencies) = postProject
		{17971743-3F47-3163-BE1E-45EC4FE5F9BA} = {17971743-3F47-3163-BE1E-45EC4FE5F9BA}
		{37620FF7-560E-3A3E-9C64-AE34D233BB0C} = {37620FF7-560E-3A3E-9C64-AE34D233BB0C}
	EndProjectSection
EndProject
Project("{8BC9CEB8-8B4A-11D0-8D11-00A0C91BC942}") = "events", "tests\events.vcxproj", "{6E650D0D-882C-3036-A0DE-F70C753E9B19}"
	ProjectSection(ProjectDependencies) = postProject
		{17971743-3F47-3163-BE1E-45EC4FE5F9BA} = {17971743-3F47-3163-BE1E-45EC4FE5F9BA}
		{37620FF7-560E-3A3E-9C64-AE34D233BB0C} = {37620FF7-560E-3A3E-9C64-AE34D233BB0C}
	EndProjectSection
EndProject
Project("{8BC9CEB8-8B4A-11D0-8D11-00A0C91BC942}") = "gamma", "tests\gamma.vcxproj", "{6765C01E-D521-388C-A1C6-E8875CCB1BF0}"
	ProjectSection(ProjectDependencies) = postProject
		{17971743-3F47-3163-BE1E-45EC4FE5F9BA} = {17971743-3F47-3163-BE1E-45EC4FE5F9BA}
		{37620FF7-560E-3A3E-9C64-AE34D233BB0C} = {37620FF7-560E-3A3E-9C64-AE34D233BB0C}
	EndProjectSection
EndProject
Project("{8BC9CEB8-8B4A-11D0-8D11-00A0C91BC942}") = "gears", "examples\gears.vcxproj", "{EEA8488D-911F-34F8-A830-37A3403D058C}"
	ProjectSection(ProjectDependencies) = postProject
		{17971743-3F47-3163-BE1E-45EC4FE5F9BA} = {17971743-3F47-3163-BE1E-45EC4FE5F9BA}
		{37620FF7-560E-3A3E-9C64-AE34D233BB0C} = {37620FF7-560E-3A3E-9C64-AE34D233BB0C}
	EndProjectSection
EndProject
Project("{8BC9CEB8-8B4A-11D0-8D11-00A0C91BC942}") = "glfw", "src\glfw.vcxproj", "{37620FF7-560E-3A3E-9C64-AE34D233BB0C}"
	ProjectSection(ProjectDependencies) = postProject
		{17971743-3F47-3163-BE1E-45EC4FE5F9BA} = {17971743-3F47-3163-BE1E-45EC4FE5F9BA}
	EndProjectSection
EndProject
Project("{8BC9CEB8-8B4A-11D0-8D11-00A0C91BC942}") = "glfwinfo", "tests\glfwinfo.vcxproj", "{9D56AFBD-B25E-3F42-AE58-1B46C5C948B9}"
	ProjectSection(ProjectDependencies) = postProject
		{17971743-3F47-3163-BE1E-45EC4FE5F9BA} = {17971743-3F47-3163-BE1E-45EC4FE5F9BA}
		{37620FF7-560E-3A3E-9C64-AE34D233BB0C} = {37620FF7-560E-3A3E-9C64-AE34D233BB0C}
	EndProjectSection
EndProject
Project("{8BC9CEB8-8B4A-11D0-8D11-00A0C91BC942}") = "heightmap", "examples\heightmap.vcxproj", "{84DF3CD1-AB11-38A5-B93C-CF4B213E18AB}"
	ProjectSection(ProjectDependencies) = postProject
		{17971743-3F47-3163-BE1E-45EC4FE5F9BA} = {17971743-3F47-3163-BE1E-45EC4FE5F9BA}
		{37620FF7-560E-3A3E-9C64-AE34D233BB0C} = {37620FF7-560E-3A3E-9C64-AE34D233BB0C}
	EndProjectSection
EndProject
Project("{8BC9CEB8-8B4A-11D0-8D11-00A0C91BC942}") = "icon", "tests\icon.vcxproj", "{58D665CB-237A-34E5-8C2C-F5CE1F7AE9E0}"
	ProjectSection(ProjectDependencies) = postProject
		{17971743-3F47-3163-BE1E-45EC4FE5F9BA} = {17971743-3F47-3163-BE1E-45EC4FE5F9BA}
		{37620FF7-560E-3A3E-9C64-AE34D233BB0C} = {37620FF7-560E-3A3E-9C64-AE34D233BB0C}
	EndProjectSection
EndProject
Project("{8BC9CEB8-8B4A-11D0-8D11-00A0C91BC942}") = "iconify", "tests\iconify.vcxproj", "{B5F1595E-4120-3CC3-8482-9029627F108F}"
	ProjectSection(ProjectDependencies) = postProject
		{17971743-3F47-3163-BE1E-45EC4FE5F9BA} = {17971743-3F47-3163-BE1E-45EC4FE5F9BA}
		{37620FF7-560E-3A3E-9C64-AE34D233BB0C} = {37620FF7-560E-3A3E-9C64-AE34D233BB0C}
	EndProjectSection
EndProject
Project("{8BC9CEB8-8B4A-11D0-8D11-00A0C91BC942}") = "inputlag", "tests\inputlag.vcxproj", "{EA31FCC7-02CA-34C9-AE3C-A0BB89751726}"
	ProjectSection(ProjectDependencies) = postProject
		{17971743-3F47-3163-BE1E-45EC4FE5F9BA} = {17971743-3F47-3163-BE1E-45EC4FE5F9BA}
		{37620FF7-560E-3A3E-9C64-AE34D233BB0C} = {37620FF7-560E-3A3E-9C64-AE34D233BB0C}
	EndProjectSection
EndProject
Project("{8BC9CEB8-8B4A-11D0-8D11-00A0C91BC942}") = "joysticks", "tests\joysticks.vcxproj", "{2BFAEF00-126F-31DF-820B-076E294BD34E}"
	ProjectSection(ProjectDependencies) = postProject
		{17971743-3F47-3163-BE1E-45EC4FE5F9BA} = {17971743-3F47-3163-BE1E-45EC4FE5F9BA}
		{37620FF7-560E-3A3E-9C64-AE34D233BB0C} = {37620FF7-560E-3A3E-9C64-AE34D233BB0C}
	EndProjectSection
EndProject
Project("{8BC9CEB8-8B4A-11D0-8D11-00A0C91BC942}") = "monitors", "tests\monitors.vcxproj", "{DAD0C144-7DE7-3313-BBA2-23BE6534708D}"
	ProjectSection(ProjectDependencies) = postProject
		{17971743-3F47-3163-BE1E-45EC4FE5F9BA} = {17971743-3F47-3163-BE1E-45EC4FE5F9BA}
		{37620FF7-560E-3A3E-9C64-AE34D233BB0C} = {37620FF7-560E-3A3E-9C64-AE34D233BB0C}
	EndProjectSection
EndProject
Project("{8BC9CEB8-8B4A-11D0-8D11-00A0C91BC942}") = "msaa", "tests\msaa.vcxproj", "{B4F75CF2-FB1D-3833-9644-10F0DD258460}"
	ProjectSection(ProjectDependencies) = postProject
		{17971743-3F47-3163-BE1E-45EC4FE5F9BA} = {17971743-3F47-3163-BE1E-45EC4FE5F9BA}
		{37620FF7-560E-3A3E-9C64-AE34D233BB0C} = {37620FF7-560E-3A3E-9C64-AE34D233BB0C}
	EndProjectSection
EndProject
Project("{8BC9CEB8-8B4A-11D0-8D11-00A0C91BC942}") = "offscreen", "examples\offscreen.vcxproj", "{AABBF6C9-09DE-39F6-9F36-4532BEA81552}"
	ProjectSection(ProjectDependencies) = postProject
		{17971743-3F47-3163-BE1E-45EC4FE5F9BA} = {17971743-3F47-3163-BE1E-45EC4FE5F9BA}
		{37620FF7-560E-3A3E-9C64-AE34D233BB0C} = {37620FF7-560E-3A3E-9C64-AE34D233BB0C}
	EndProjectSection
EndProject
Project("{8BC9CEB8-8B4A-11D0-8D11-00A0C91BC942}") = "particles", "examples\particles.vcxproj", "{D12B7370-2394-3C1D-A137-880518CA2E59}"
	ProjectSection(ProjectDependencies) = postProject
		{17971743-3F47-3163-BE1E-45EC4FE5F9BA} = {17971743-3F47-3163-BE1E-45EC4FE5F9BA}
		{37620FF7-560E-3A3E-9C64-AE34D233BB0C} = {37620FF7-560E-3A3E-9C64-AE34D233BB0C}
	EndProjectSection
EndProject
Project("{8BC9CEB8-8B4A-11D0-8D11-00A0C91BC942}") = "reopen", "tests\reopen.vcxproj", "{4BA354F0-037F-36FC-A5D4-3B193DCFB999}"
	ProjectSection(ProjectDependencies) = postProject
		{17971743-3F47-3163-BE1E-45EC4FE5F9BA} = {17971743-3F47-3163-BE1E-45EC4FE5F9BA}
		{37620FF7-560E-3A3E-9C64-AE34D233BB0C} = {37620FF7-560E-3A3E-9C64-AE34D233BB0C}
	EndProjectSection
EndProject
Project("{8BC9CEB8-8B4A-11D0-8D11-00A0C91BC942}") = "sharing", "examples\sharing.vcxproj", "{BBB28DB4-3818-3D2C-A594-84D4203CD8D1}"
	ProjectSection(ProjectDependencies) = postProject
		{17971743-3F47-3163-BE1E-45EC4FE5F9BA} = {17971743-3F47-3163-BE1E-45EC4FE5F9BA}
		{37620FF7-560E-3A3E-9C64-AE34D233BB0C} = {37620FF7-560E-3A3E-9C64-AE34D233BB0C}
	EndProjectSection
EndProject
Project("{8BC9CEB8-8B4A-11D0-8D11-00A0C91BC942}") = "splitview", "examples\splitview.vcxproj", "{02977144-F91E-378E-B53B-A7725EC9CFCA}"
	ProjectSection(ProjectDependencies) = postProject
		{17971743-3F47-3163-BE1E-45EC4FE5F9BA} = {17971743-3F47-3163-BE1E-45EC4FE5F9BA}
		{37620FF7-560E-3A3E-9C64-AE34D233BB0C} = {37620FF7-560E-3A3E-9C64-AE34D233BB0C}
	EndProjectSection
EndProject
Project("{8BC9CEB8-8B4A-11D0-8D11-00A0C91BC942}") = "tearing", "tests\tearing.vcxproj", "{BC80CC7B-D8F7-39A4-892C-3CFDAD717CBD}"
	ProjectSection(ProjectDependencies) = postProject
		{17971743-3F47-3163-BE1E-45EC4FE5F9BA} = {17971743-3F47-3163-BE1E-45EC4FE5F9BA}
		{37620FF7-560E-3A3E-9C64-AE34D233BB0C} = {37620FF7-560E-3A3E-9C64-AE34D233BB0C}
	EndProjectSection
EndProject
Project("{8BC9CEB8-8B4A-11D0-8D11-00A0C91BC942}") = "threads", "tests\threads.vcxproj", "{52E6A445-0B57-3C6B-A582-2FA89DCD7246}"
	ProjectSection(ProjectDependencies) = postProject
		{17971743-3F47-3163-BE1E-45EC4FE5F9BA} = {17971743-3F47-3163-BE1E-45EC4FE5F9BA}
		{37620FF7-560E-3A3E-9C64-AE34D233BB0C} = {37620FF7-560E-3A3E-9C64-AE34D233BB0C}
	EndProjectSection
EndProject
Project("{8BC9CEB8-8B4A-11D0-8D11-00A0C91BC942}") = "timeout", "tests\timeout.vcxproj", "{7C0C19C9-BF7C-36C7-9C1C-9D43A1B14A51}"
	ProjectSection(ProjectDependencies) = postProject
		{17971743-3F47-3163-BE1E-45EC4FE5F9BA} = {17971743-3F47-3163-BE1E-45EC4FE5F9BA}
		{37620FF7-560E-3A3E-9C64-AE34D233BB0C} = {37620FF7-560E-3A3E-9C64-AE34D233BB0C}
	EndProjectSection
EndProject
Project("{8BC9CEB8-8B4A-11D0-8D11-00A0C91BC942}") = "title", "tests\title.vcxproj", "{A43E2A8A-2AA1-3887-95BC-09D73E17C662}"
	ProjectSection(ProjectDependencies) = postProject
		{17971743-3F47-3163-BE1E-45EC4FE5F9BA} = {17971743-3F47-3163-BE1E-45EC4FE5F9BA}
		{37620FF7-560E-3A3E-9C64-AE34D233BB0C} = {37620FF7-560E-3A3E-9C64-AE34D233BB0C}
	EndProjectSection
EndProject
Project("{8BC9CEB8-8B4A-11D0-8D11-00A0C91BC942}") = "triangle-opengl", "examples\triangle-opengl.vcxproj", "{37C06FDE-5378-368A-A031-D56C63FE9911}"
	ProjectSection(ProjectDependencies) = postProject
		{17971743-3F47-3163-BE1E-45EC4FE5F9BA} = {17971743-3F47-3163-BE1E-45EC4FE5F9BA}
		{37620FF7-560E-3A3E-9C64-AE34D233BB0C} = {37620FF7-560E-3A3E-9C64-AE34D233BB0C}
	EndProjectSection
EndProject
Project("{8BC9CEB8-8B4A-11D0-8D11-00A0C91BC942}") = "triangle-opengles", "examples\triangle-opengles.vcxproj", "{58C8A5F8-4EFF-3B60-AA33-206860312081}"
	ProjectSection(ProjectDependencies) = postProject
		{17971743-3F47-3163-BE1E-45EC4FE5F9BA} = {17971743-3F47-3163-BE1E-45EC4FE5F9BA}
		{37620FF7-560E-3A3E-9C64-AE34D233BB0C} = {37620FF7-560E-3A3E-9C64-AE34D233BB0C}
	EndProjectSection
EndProject
Project("{8BC9CEB8-8B4A-11D0-8D11-00A0C91BC942}") = "triangle-vulkan", "tests\triangle-vulkan.vcxproj", "{E206FBC5-B3B8-3E6C-94A0-9002D0587A93}"
	ProjectSection(ProjectDependencies) = postProject
		{17971743-3F47-3163-BE1E-45EC4FE5F9BA} = {17971743-3F47-3163-BE1E-45EC4FE5F9BA}
		{37620FF7-560E-3A3E-9C64-AE34D233BB0C} = {37620FF7-560E-3A3E-9C64-AE34D233BB0C}
	EndProjectSection
EndProject
Project("{8BC9CEB8-8B4A-11D0-8D11-00A0C91BC942}") = "uninstall", "uninstall.vcxproj", "{071E30EF-3FB3-3D62-99B1-E2738414392E}"
	ProjectSection(ProjectDependencies) = postProject
		{17971743-3F47-3163-BE1E-45EC4FE5F9BA} = {17971743-3F47-3163-BE1E-45EC4FE5F9BA}
	EndProjectSection
EndProject
Project("{8BC9CEB8-8B4A-11D0-8D11-00A0C91BC942}") = "update_mappings", "src\update_mappings.vcxproj", "{EF48A13A-BB6B-3ADC-8698-B574F3354E3A}"
	ProjectSection(ProjectDependencies) = postProject
		{17971743-3F47-3163-BE1E-45EC4FE5F9BA} = {17971743-3F47-3163-BE1E-45EC4FE5F9BA}
	EndProjectSection
EndProject
Project("{8BC9CEB8-8B4A-11D0-8D11-00A0C91BC942}") = "wave", "examples\wave.vcxproj", "{499114B2-0EA5-3B5C-93FE-44969A2A6086}"
	ProjectSection(ProjectDependencies) = postProject
		{17971743-3F47-3163-BE1E-45EC4FE5F9BA} = {17971743-3F47-3163-BE1E-45EC4FE5F9BA}
		{37620FF7-560E-3A3E-9C64-AE34D233BB0C} = {37620FF7-560E-3A3E-9C64-AE34D233BB0C}
	EndProjectSection
EndProject
Project("{8BC9CEB8-8B4A-11D0-8D11-00A0C91BC942}") = "window", "tests\window.vcxproj", "{F898EE3B-11D6-34ED-BFB5-DB7C2CF96E91}"
	ProjectSection(ProjectDependencies) = postProject
		{17971743-3F47-3163-BE1E-45EC4FE5F9BA} = {17971743-3F47-3163-BE1E-45EC4FE5F9BA}
		{37620FF7-560E-3A3E-9C64-AE34D233BB0C} = {37620FF7-560E-3A3E-9C64-AE34D233BB0C}
	EndProjectSection
EndProject
Project("{8BC9CEB8-8B4A-11D0-8D11-00A0C91BC942}") = "windows", "examples\windows.vcxproj", "{7D1E9498-DC00-315C-931C-83605BF26002}"
	ProjectSection(ProjectDependencies) = postProject
		{17971743-3F47-3163-BE1E-45EC4FE5F9BA} = {17971743-3F47-3163-BE1E-45EC4FE5F9BA}
		{37620FF7-560E-3A3E-9C64-AE34D233BB0C} = {37620FF7-560E-3A3E-9C64-AE34D233BB0C}
	EndProjectSection
EndProject
Global
	GlobalSection(SolutionConfigurationPlatforms) = preSolution
		Debug|x64 = Debug|x64
		Release|x64 = Release|x64
		MinSizeRel|x64 = MinSizeRel|x64
		RelWithDebInfo|x64 = RelWithDebInfo|x64
	EndGlobalSection
	GlobalSection(ProjectConfigurationPlatforms) = postSolution
		{EE49F648-0FA4-3308-A11D-677E5D43DF64}.Debug|x64.ActiveCfg = Debug|x64
		{EE49F648-0FA4-3308-A11D-677E5D43DF64}.Debug|x64.Build.0 = Debug|x64
		{EE49F648-0FA4-3308-A11D-677E5D43DF64}.Release|x64.ActiveCfg = Release|x64
		{EE49F648-0FA4-3308-A11D-677E5D43DF64}.Release|x64.Build.0 = Release|x64
		{EE49F648-0FA4-3308-A11D-677E5D43DF64}.MinSizeRel|x64.ActiveCfg = MinSizeRel|x64
		{EE49F648-0FA4-3308-A11D-677E5D43DF64}.MinSizeRel|x64.Build.0 = MinSizeRel|x64
		{EE49F648-0FA4-3308-A11D-677E5D43DF64}.RelWithDebInfo|x64.ActiveCfg = RelWithDebInfo|x64
		{EE49F648-0FA4-3308-A11D-677E5D43DF64}.RelWithDebInfo|x64.Build.0 = RelWithDebInfo|x64
		{FAD18C56-AF35-3D30-8036-268CA876A4EF}.Debug|x64.ActiveCfg = Debug|x64
		{FAD18C56-AF35-3D30-8036-268CA876A4EF}.Release|x64.ActiveCfg = Release|x64
		{FAD18C56-AF35-3D30-8036-268CA876A4EF}.MinSizeRel|x64.ActiveCfg = MinSizeRel|x64
		{FAD18C56-AF35-3D30-8036-268CA876A4EF}.RelWithDebInfo|x64.ActiveCfg = RelWithDebInfo|x64
		{17971743-3F47-3163-BE1E-45EC4FE5F9BA}.Debug|x64.ActiveCfg = Debug|x64
		{17971743-3F47-3163-BE1E-45EC4FE5F9BA}.Debug|x64.Build.0 = Debug|x64
		{17971743-3F47-3163-BE1E-45EC4FE5F9BA}.Release|x64.ActiveCfg = Release|x64
		{17971743-3F47-3163-BE1E-45EC4FE5F9BA}.Release|x64.Build.0 = Release|x64
		{17971743-3F47-3163-BE1E-45EC4FE5F9BA}.MinSizeRel|x64.ActiveCfg = MinSizeRel|x64
		{17971743-3F47-3163-BE1E-45EC4FE5F9BA}.MinSizeRel|x64.Build.0 = MinSizeRel|x64
		{17971743-3F47-3163-BE1E-45EC4FE5F9BA}.RelWithDebInfo|x64.ActiveCfg = RelWithDebInfo|x64
		{17971743-3F47-3163-BE1E-45EC4FE5F9BA}.RelWithDebInfo|x64.Build.0 = RelWithDebInfo|x64
		{7A3B2F60-003B-3176-A938-58C51E86BCC3}.Debug|x64.ActiveCfg = Debug|x64
		{7A3B2F60-003B-3176-A938-58C51E86BCC3}.Debug|x64.Build.0 = Debug|x64
		{7A3B2F60-003B-3176-A938-58C51E86BCC3}.Release|x64.ActiveCfg = Release|x64
		{7A3B2F60-003B-3176-A938-58C51E86BCC3}.Release|x64.Build.0 = Release|x64
		{7A3B2F60-003B-3176-A938-58C51E86BCC3}.MinSizeRel|x64.ActiveCfg = MinSizeRel|x64
		{7A3B2F60-003B-3176-A938-58C51E86BCC3}.MinSizeRel|x64.Build.0 = MinSizeRel|x64
		{7A3B2F60-003B-3176-A938-58C51E86BCC3}.RelWithDebInfo|x64.ActiveCfg = RelWithDebInfo|x64
		{7A3B2F60-003B-3176-A938-58C51E86BCC3}.RelWithDebInfo|x64.Build.0 = RelWithDebInfo|x64
		{2EFEEAE3-A7BA-3598-9892-EB8D4B1B31F7}.Debug|x64.ActiveCfg = Debug|x64
		{2EFEEAE3-A7BA-3598-9892-EB8D4B1B31F7}.Debug|x64.Build.0 = Debug|x64
		{2EFEEAE3-A7BA-3598-9892-EB8D4B1B31F7}.Release|x64.ActiveCfg = Release|x64
		{2EFEEAE3-A7BA-3598-9892-EB8D4B1B31F7}.Release|x64.Build.0 = Release|x64
		{2EFEEAE3-A7BA-3598-9892-EB8D4B1B31F7}.MinSizeRel|x64.ActiveCfg = MinSizeRel|x64
		{2EFEEAE3-A7BA-3598-9892-EB8D4B1B31F7}.MinSizeRel|x64.Build.0 = MinSizeRel|x64
		{2EFEEAE3-A7BA-3598-9892-EB8D4B1B31F7}.RelWithDebInfo|x64.ActiveCfg = RelWithDebInfo|x64
		{2EFEEAE3-A7BA-3598-9892-EB8D4B1B31F7}.RelWithDebInfo|x64.Build.0 = RelWithDebInfo|x64
		{AD677161-DA99-3F96-8C2A-2223FF89FFFE}.Debug|x64.ActiveCfg = Debug|x64
		{AD677161-DA99-3F96-8C2A-2223FF89FFFE}.Debug|x64.Build.0 = Debug|x64
		{AD677161-DA99-3F96-8C2A-2223FF89FFFE}.Release|x64.ActiveCfg = Release|x64
		{AD677161-DA99-3F96-8C2A-2223FF89FFFE}.Release|x64.Build.0 = Release|x64
		{AD677161-DA99-3F96-8C2A-2223FF89FFFE}.MinSizeRel|x64.ActiveCfg = MinSizeRel|x64
		{AD677161-DA99-3F96-8C2A-2223FF89FFFE}.MinSizeRel|x64.Build.0 = MinSizeRel|x64
		{AD677161-DA99-3F96-8C2A-2223FF89FFFE}.RelWithDebInfo|x64.ActiveCfg = RelWithDebInfo|x64
		{AD677161-DA99-3F96-8C2A-2223FF89FFFE}.RelWithDebInfo|x64.Build.0 = RelWithDebInfo|x64
		{2028A116-BF8A-33DC-85CE-DA9CBB9C6002}.Debug|x64.ActiveCfg = Debug|x64
		{2028A116-BF8A-33DC-85CE-DA9CBB9C6002}.Debug|x64.Build.0 = Debug|x64
		{2028A116-BF8A-33DC-85CE-DA9CBB9C6002}.Release|x64.ActiveCfg = Release|x64
		{2028A116-BF8A-33DC-85CE-DA9CBB9C6002}.Release|x64.Build.0 = Release|x64
		{2028A116-BF8A-33DC-85CE-DA9CBB9C6002}.MinSizeRel|x64.ActiveCfg = MinSizeRel|x64
		{2028A116-BF8A-33DC-85CE-DA9CBB9C6002}.MinSizeRel|x64.Build.0 = MinSizeRel|x64
		{2028A116-BF8A-33DC-85CE-DA9CBB9C6002}.RelWithDebInfo|x64.ActiveCfg = RelWithDebInfo|x64
		{2028A116-BF8A-33DC-85CE-DA9CBB9C6002}.RelWithDebInfo|x64.Build.0 = RelWithDebInfo|x64
		{25D9D076-A778-35AB-9CBA-A051A0FA872D}.Debug|x64.ActiveCfg = Debug|x64
		{25D9D076-A778-35AB-9CBA-A051A0FA872D}.Debug|x64.Build.0 = Debug|x64
		{25D9D076-A778-35AB-9CBA-A051A0FA872D}.Release|x64.ActiveCfg = Release|x64
		{25D9D076-A778-35AB-9CBA-A051A0FA872D}.Release|x64.Build.0 = Release|x64
		{25D9D076-A778-35AB-9CBA-A051A0FA872D}.MinSizeRel|x64.ActiveCfg = MinSizeRel|x64
		{25D9D076-A778-35AB-9CBA-A051A0FA872D}.MinSizeRel|x64.Build.0 = MinSizeRel|x64
		{25D9D076-A778-35AB-9CBA-A051A0FA872D}.RelWithDebInfo|x64.ActiveCfg = RelWithDebInfo|x64
		{25D9D076-A778-35AB-9CBA-A051A0FA872D}.RelWithDebInfo|x64.Build.0 = RelWithDebInfo|x64
		{6E650D0D-882C-3036-A0DE-F70C753E9B19}.Debug|x64.ActiveCfg = Debug|x64
		{6E650D0D-882C-3036-A0DE-F70C753E9B19}.Debug|x64.Build.0 = Debug|x64
		{6E650D0D-882C-3036-A0DE-F70C753E9B19}.Release|x64.ActiveCfg = Release|x64
		{6E650D0D-882C-3036-A0DE-F70C753E9B19}.Release|x64.Build.0 = Release|x64
		{6E650D0D-882C-3036-A0DE-F70C753E9B19}.MinSizeRel|x64.ActiveCfg = MinSizeRel|x64
		{6E650D0D-882C-3036-A0DE-F70C753E9B19}.MinSizeRel|x64.Build.0 = MinSizeRel|x64
		{6E650D0D-882C-3036-A0DE-F70C753E9B19}.RelWithDebInfo|x64.ActiveCfg = RelWithDebInfo|x64
		{6E650D0D-882C-3036-A0DE-F70C753E9B19}.RelWithDebInfo|x64.Build.0 = RelWithDebInfo|x64
		{6765C01E-D521-388C-A1C6-E8875CCB1BF0}.Debug|x64.ActiveCfg = Debug|x64
		{6765C01E-D521-388C-A1C6-E8875CCB1BF0}.Debug|x64.Build.0 = Debug|x64
		{6765C01E-D521-388C-A1C6-E8875CCB1BF0}.Release|x64.ActiveCfg = Release|x64
		{6765C01E-D521-388C-A1C6-E8875CCB1BF0}.Release|x64.Build.0 = Release|x64
		{6765C01E-D521-388C-A1C6-E8875CCB1BF0}.MinSizeRel|x64.ActiveCfg = MinSizeRel|x64
		{6765C01E-D521-388C-A1C6-E8875CCB1BF0}.MinSizeRel|x64.Build.0 = MinSizeRel|x64
		{6765C01E-D521-388C-A1C6-E8875CCB1BF0}.RelWithDebInfo|x64.ActiveCfg = RelWithDebInfo|x64
		{6765C01E-D521-388C-A1C6-E8875CCB1BF0}.RelWithDebInfo|x64.Build.0 = RelWithDebInfo|x64
		{EEA8488D-911F-34F8-A830-37A3403D058C}.Debug|x64.ActiveCfg = Debug|x64
		{EEA8488D-911F-34F8-A830-37A3403D058C}.Debug|x64.Build.0 = Debug|x64
		{EEA8488D-911F-34F8-A830-37A3403D058C}.Release|x64.ActiveCfg = Release|x64
		{EEA8488D-911F-34F8-A830-37A3403D058C}.Release|x64.Build.0 = Release|x64
		{EEA8488D-911F-34F8-A830-37A3403D058C}.MinSizeRel|x64.ActiveCfg = MinSizeRel|x64
		{EEA8488D-911F-34F8-A830-37A3403D058C}.MinSizeRel|x64.Build.0 = MinSizeRel|x64
		{EEA8488D-911F-34F8-A830-37A3403D058C}.RelWithDebInfo|x64.ActiveCfg = RelWithDebInfo|x64
		{EEA8488D-911F-34F8-A830-37A3403D058C}.RelWithDebInfo|x64.Build.0 = RelWithDebInfo|x64
		{37620FF7-560E-3A3E-9C64-AE34D233BB0C}.Debug|x64.ActiveCfg = Debug|x64
		{37620FF7-560E-3A3E-9C64-AE34D233BB0C}.Debug|x64.Build.0 = Debug|x64
		{37620FF7-560E-3A3E-9C64-AE34D233BB0C}.Release|x64.ActiveCfg = Release|x64
		{37620FF7-560E-3A3E-9C64-AE34D233BB0C}.Release|x64.Build.0 = Release|x64
		{37620FF7-560E-3A3E-9C64-AE34D233BB0C}.MinSizeRel|x64.ActiveCfg = MinSizeRel|x64
		{37620FF7-560E-3A3E-9C64-AE34D233BB0C}.MinSizeRel|x64.Build.0 = MinSizeRel|x64
		{37620FF7-560E-3A3E-9C64-AE34D233BB0C}.RelWithDebInfo|x64.ActiveCfg = RelWithDebInfo|x64
		{37620FF7-560E-3A3E-9C64-AE34D233BB0C}.RelWithDebInfo|x64.Build.0 = RelWithDebInfo|x64
		{9D56AFBD-B25E-3F42-AE58-1B46C5C948B9}.Debug|x64.ActiveCfg = Debug|x64
		{9D56AFBD-B25E-3F42-AE58-1B46C5C948B9}.Debug|x64.Build.0 = Debug|x64
		{9D56AFBD-B25E-3F42-AE58-1B46C5C948B9}.Release|x64.ActiveCfg = Release|x64
		{9D56AFBD-B25E-3F42-AE58-1B46C5C948B9}.Release|x64.Build.0 = Release|x64
		{9D56AFBD-B25E-3F42-AE58-1B46C5C948B9}.MinSizeRel|x64.ActiveCfg = MinSizeRel|x64
		{9D56AFBD-B25E-3F42-AE58-1B46C5C948B9}.MinSizeRel|x64.Build.0 = MinSizeRel|x64
		{9D56AFBD-B25E-3F42-AE58-1B46C5C948B9}.RelWithDebInfo|x64.ActiveCfg = RelWithDebInfo|x64
		{9D56AFBD-B25E-3F42-AE58-1B46C5C948B9}.RelWithDebInfo|x64.Build.0 = RelWithDebInfo|x64
		{84DF3CD1-AB11-38A5-B93C-CF4B213E18AB}.Debug|x64.ActiveCfg = Debug|x64
		{84DF3CD1-AB11-38A5-B93C-CF4B213E18AB}.Debug|x64.Build.0 = Debug|x64
		{84DF3CD1-AB11-38A5-B93C-CF4B213E18AB}.Release|x64.ActiveCfg = Release|x64
		{84DF3CD1-AB11-38A5-B93C-CF4B213E18AB}.Release|x64.Build.0 = Release|x64
		{84DF3CD1-AB11-38A5-B93C-CF4B213E18AB}.MinSizeRel|x64.ActiveCfg = MinSizeRel|x64
		{84DF3CD1-AB11-38A5-B93C-CF4B213E18AB}.MinSizeRel|x64.Build.0 = MinSizeRel|x64
		{84DF3CD1-AB11-38A5-B93C-CF4B213E18AB}.RelWithDebInfo|x64.ActiveCfg = RelWithDebInfo|x64
		{84DF3CD1-AB11-38A5-B93C-CF4B213E18AB}.RelWithDebInfo|x64.Build.0 = RelWithDebInfo|x64
		{58D665CB-237A-34E5-8C2C-F5CE1F7AE9E0}.Debug|x64.ActiveCfg = Debug|x64
		{58D665CB-237A-34E5-8C2C-F5CE1F7AE9E0}.Debug|x64.Build.0 = Debug|x64
		{58D665CB-237A-34E5-8C2C-F5CE1F7AE9E0}.Release|x64.ActiveCfg = Release|x64
		{58D665CB-237A-34E5-8C2C-F5CE1F7AE9E0}.Release|x64.Build.0 = Release|x64
		{58D665CB-237A-34E5-8C2C-F5CE1F7AE9E0}.MinSizeRel|x64.ActiveCfg = MinSizeRel|x64
		{58D665CB-237A-34E5-8C2C-F5CE1F7AE9E0}.MinSizeRel|x64.Build.0 = MinSizeRel|x64
		{58D665CB-237A-34E5-8C2C-F5CE1F7AE9E0}.RelWithDebInfo|x64.ActiveCfg = RelWithDebInfo|x64
		{58D665CB-237A-34E5-8C2C-F5CE1F7AE9E0}.RelWithDebInfo|x64.Build.0 = RelWithDebInfo|x64
		{B5F1595E-4120-3CC3-8482-9029627F108F}.Debug|x64.ActiveCfg = Debug|x64
		{B5F1595E-4120-3CC3-8482-9029627F108F}.Debug|x64.Build.0 = Debug|x64
		{B5F1595E-4120-3CC3-8482-9029627F108F}.Release|x64.ActiveCfg = Release|x64
		{B5F1595E-4120-3CC3-8482-9029627F108F}.Release|x64.Build.0 = Release|x64
		{B5F1595E-4120-3CC3-8482-9029627F108F}.MinSizeRel|x64.ActiveCfg = MinSizeRel|x64
		{B5F1595E-4120-3CC3-8482-9029627F108F}.MinSizeRel|x64.Build.0 = MinSizeRel|x64
		{B5F1595E-4120-3CC3-8482-9029627F108F}.RelWithDebInfo|x64.ActiveCfg = RelWithDebInfo|x64
		{B5F1595E-4120-3CC3-8482-9029627F108F}.RelWithDebInfo|x64.Build.0 = RelWithDebInfo|x64
		{EA31FCC7-02CA-34C9-AE3C-A0BB89751726}.Debug|x64.ActiveCfg = Debug|x64
		{EA31FCC7-02CA-34C9-AE3C-A0BB89751726}.Debug|x64.Build.0 = Debug|x64
		{EA31FCC7-02CA-34C9-AE3C-A0BB89751726}.Release|x64.ActiveCfg = Release|x64
		{EA31FCC7-02CA-34C9-AE3C-A0BB89751726}.Release|x64.Build.0 = Release|x64
		{EA31FCC7-02CA-34C9-AE3C-A0BB89751726}.MinSizeRel|x64.ActiveCfg = MinSizeRel|x64
		{EA31FCC7-02CA-34C9-AE3C-A0BB89751726}.MinSizeRel|x64.Build.0 = MinSizeRel|x64
		{EA31FCC7-02CA-34C9-AE3C-A0BB89751726}.RelWithDebInfo|x64.ActiveCfg = RelWithDebInfo|x64
		{EA31FCC7-02CA-34C9-AE3C-A0BB89751726}.RelWithDebInfo|x64.Build.0 = RelWithDebInfo|x64
		{2BFAEF00-126F-31DF-820B-076E294BD34E}.Debug|x64.ActiveCfg = Debug|x64
		{2BFAEF00-126F-31DF-820B-076E294BD34E}.Debug|x64.Build.0 = Debug|x64
		{2BFAEF00-126F-31DF-820B-076E294BD34E}.Release|x64.ActiveCfg = Release|x64
		{2BFAEF00-126F-31DF-820B-076E294BD34E}.Release|x64.Build.0 = Release|x64
		{2BFAEF00-126F-31DF-820B-076E294BD34E}.MinSizeRel|x64.ActiveCfg = MinSizeRel|x64
		{2BFAEF00-126F-31DF-820B-076E294BD34E}.MinSizeRel|x64.Build.0 = MinSizeRel|x64
		{2BFAEF00-126F-31DF-820B-076E294BD34E}.RelWithDebInfo|x64.ActiveCfg = RelWithDebInfo|x64
		{2BFAEF00-126F-31DF-820B-076E294BD34E}.RelWithDebInfo|x64.Build.0 = RelWithDebInfo|x64
		{DAD0C144-7DE7-3313-BBA2-23BE6534708D}.Debug|x64.ActiveCfg = Debug|x64
		{DAD0C144-7DE7-3313-BBA2-23BE6534708D}.Debug|x64.Build.0 = Debug|x64
		{DAD0C144-7DE7-3313-BBA2-23BE6534708D}.Release|x64.ActiveCfg = Release|x64
		{DAD0C144-7DE7-3313-BBA2-23BE6534708D}.Release|x64.Build.0 = Release|x64
		{DAD0C144-7DE7-3313-BBA2-23BE6534708D}.MinSizeRel|x64.ActiveCfg = MinSizeRel|x64
		{DAD0C144-7DE7-3313-BBA2-23BE6534708D}.MinSizeRel|x64.Build.0 = MinSizeRel|x64
		{DAD0C144-7DE7-3313-BBA2-23BE6534708D}.RelWithDebInfo|x64.ActiveCfg = RelWithDebInfo|x64
		{DAD0C144-7DE7-3313-BBA2-23BE6534708D}.RelWithDebInfo|x64.Build.0 = RelWithDebInfo|x64
		{B4F75CF2-FB1D-3833-9644-10F0DD258460}.Debug|x64.ActiveCfg = Debug|x64
		{B4F75CF2-FB1D-3833-9644-10F0DD258460}.Debug|x64.Build.0 = Debug|x64
		{B4F75CF2-FB1D-3833-9644-10F0DD258460}.Release|x64.ActiveCfg = Release|x64
		{B4F75CF2-FB1D-3833-9644-10F0DD258460}.Release|x64.Build.0 = Release|x64
		{B4F75CF2-FB1D-3833-9644-10F0DD258460}.MinSizeRel|x64.ActiveCfg = MinSizeRel|x64
		{B4F75CF2-FB1D-3833-9644-10F0DD258460}.MinSizeRel|x64.Build.0 = MinSizeRel|x64
		{B4F75CF2-FB1D-3833-9644-10F0DD258460}.RelWithDebInfo|x64.ActiveCfg = RelWithDebInfo|x64
		{B4F75CF2-FB1D-3833-9644-10F0DD258460}.RelWithDebInfo|x64.Build.0 = RelWithDebInfo|x64
		{AABBF6C9-09DE-39F6-9F36-4532BEA81552}.Debug|x64.ActiveCfg = Debug|x64
		{AABBF6C9-09DE-39F6-9F36-4532BEA81552}.Debug|x64.Build.0 = Debug|x64
		{AABBF6C9-09DE-39F6-9F36-4532BEA81552}.Release|x64.ActiveCfg = Release|x64
		{AABBF6C9-09DE-39F6-9F36-4532BEA81552}.Release|x64.Build.0 = Release|x64
		{AABBF6C9-09DE-39F6-9F36-4532BEA81552}.MinSizeRel|x64.ActiveCfg = MinSizeRel|x64
		{AABBF6C9-09DE-39F6-9F36-4532BEA81552}.MinSizeRel|x64.Build.0 = MinSizeRel|x64
		{AABBF6C9-09DE-39F6-9F36-4532BEA81552}.RelWithDebInfo|x64.ActiveCfg = RelWithDebInfo|x64
		{AABBF6C9-09DE-39F6-9F36-4532BEA81552}.RelWithDebInfo|x64.Build.0 = RelWithDebInfo|x64
		{D12B7370-2394-3C1D-A137-880518CA2E59}.Debug|x64.ActiveCfg = Debug|x64
		{D12B7370-2394-3C1D-A137-880518CA2E59}.Debug|x64.Build.0 = Debug|x64
		{D12B7370-2394-3C1D-A137-880518CA2E59}.Release|x64.ActiveCfg = Release|x64
		{D12B7370-2394-3C1D-A137-880518CA2E59}.Release|x64.Build.0 = Release|x64
		{D12B7370-2394-3C1D-A137-880518CA2E59}.MinSizeRel|x64.ActiveCfg = MinSizeRel|x64
		{D12B7370-2394-3C1D-A137-880518CA2E59}.MinSizeRel|x64.Build.0 = MinSizeRel|x64
		{D12B7370-2394-3C1D-A137-880518CA2E59}.RelWithDebInfo|x64.ActiveCfg = RelWithDebInfo|x64
		{D12B7370-2394-3C1D-A137-880518CA2E59}.RelWithDebInfo|x64.Build.0 = RelWithDebInfo|x64
		{4BA354F0-037F-36FC-A5D4-3B193DCFB999}.Debug|x64.ActiveCfg = Debug|x64
		{4BA354F0-037F-36FC-A5D4-3B193DCFB999}.Debug|x64.Build.0 = Debug|x64
		{4BA354F0-037F-36FC-A5D4-3B193DCFB999}.Release|x64.ActiveCfg = Release|x64
		{4BA354F0-037F-36FC-A5D4-3B193DCFB999}.Release|x64.Build.0 = Release|x64
		{4BA354F0-037F-36FC-A5D4-3B193DCFB999}.MinSizeRel|x64.ActiveCfg = MinSizeRel|x64
		{4BA354F0-037F-36FC-A5D4-3B193DCFB999}.MinSizeRel|x64.Build.0 = MinSizeRel|x64
		{4BA354F0-037F-36FC-A5D4-3B193DCFB999}.RelWithDebInfo|x64.ActiveCfg = RelWithDebInfo|x64
		{4BA354F0-037F-36FC-A5D4-3B193DCFB999}.RelWithDebInfo|x64.Build.0 = RelWithDebInfo|x64
		{BBB28DB4-3818-3D2C-A594-84D4203CD8D1}.Debug|x64.ActiveCfg = Debug|x64
		{BBB28DB4-3818-3D2C-A594-84D4203CD8D1}.Debug|x64.Build.0 = Debug|x64
		{BBB28DB4-3818-3D2C-A594-84D4203CD8D1}.Release|x64.ActiveCfg = Release|x64
		{BBB28DB4-3818-3D2C-A594-84D4203CD8D1}.Release|x64.Build.0 = Release|x64
		{BBB28DB4-3818-3D2C-A594-84D4203CD8D1}.MinSizeRel|x64.ActiveCfg = MinSizeRel|x64
		{BBB28DB4-3818-3D2C-A594-84D4203CD8D1}.MinSizeRel|x64.Build.0 = MinSizeRel|x64
		{BBB28DB4-3818-3D2C-A594-84D4203CD8D1}.RelWithDebInfo|x64.ActiveCfg = RelWithDebInfo|x64
		{BBB28DB4-3818-3D2C-A594-84D4203CD8D1}.RelWithDebInfo|x64.Build.0 = RelWithDebInfo|x64
		{02977144-F91E-378E-B53B-A7725EC9CFCA}.Debug|x64.ActiveCfg = Debug|x64
		{02977144-F91E-378E-B53B-A7725EC9CFCA}.Debug|x64.Build.0 = Debug|x64
		{02977144-F91E-378E-B53B-A7725EC9CFCA}.Release|x64.ActiveCfg = Release|x64
		{02977144-F91E-378E-B53B-A7725EC9CFCA}.Release|x64.Build.0 = Release|x64
		{02977144-F91E-378E-B53B-A7725EC9CFCA}.MinSizeRel|x64.ActiveCfg = MinSizeRel|x64
		{02977144-F91E-378E-B53B-A7725EC9CFCA}.MinSizeRel|x64.Build.0 = MinSizeRel|x64
		{02977144-F91E-378E-B53B-A7725EC9CFCA}.RelWithDebInfo|x64.ActiveCfg = RelWithDebInfo|x64
		{02977144-F91E-378E-B53B-A7725EC9CFCA}.RelWithDebInfo|x64.Build.0 = RelWithDebInfo|x64
		{BC80CC7B-D8F7-39A4-892C-3CFDAD717CBD}.Debug|x64.ActiveCfg = Debug|x64
		{BC80CC7B-D8F7-39A4-892C-3CFDAD717CBD}.Debug|x64.Build.0 = Debug|x64
		{BC80CC7B-D8F7-39A4-892C-3CFDAD717CBD}.Release|x64.ActiveCfg = Release|x64
		{BC80CC7B-D8F7-39A4-892C-3CFDAD717CBD}.Release|x64.Build.0 = Release|x64
		{BC80CC7B-D8F7-39A4-892C-3CFDAD717CBD}.MinSizeRel|x64.ActiveCfg = MinSizeRel|x64
		{BC80CC7B-D8F7-39A4-892C-3CFDAD717CBD}.MinSizeRel|x64.Build.0 = MinSizeRel|x64
		{BC80CC7B-D8F7-39A4-892C-3CFDAD717CBD}.RelWithDebInfo|x64.ActiveCfg = RelWithDebInfo|x64
		{BC80CC7B-D8F7-39A4-892C-3CFDAD717CBD}.RelWithDebInfo|x64.Build.0 = RelWithDebInfo|x64
		{52E6A445-0B57-3C6B-A582-2FA89DCD7246}.Debug|x64.ActiveCfg = Debug|x64
		{52E6A445-0B57-3C6B-A582-2FA89DCD7246}.Debug|x64.Build.0 = Debug|x64
		{52E6A445-0B57-3C6B-A582-2FA89DCD7246}.Release|x64.ActiveCfg = Release|x64
		{52E6A445-0B57-3C6B-A582-2FA89DCD7246}.Release|x64.Build.0 = Release|x64
		{52E6A445-0B57-3C6B-A582-2FA89DCD7246}.MinSizeRel|x64.ActiveCfg = MinSizeRel|x64
		{52E6A445-0B57-3C6B-A582-2FA89DCD7246}.MinSizeRel|x64.Build.0 = MinSizeRel|x64
		{52E6A445-0B57-3C6B-A582-2FA89DCD7246}.RelWithDebInfo|x64.ActiveCfg = RelWithDebInfo|x64
		{52E6A445-0B57-3C6B-A582-2FA89DCD7246}.RelWithDebInfo|x64.Build.0 = RelWithDebInfo|x64
		{7C0C19C9-BF7C-36C7-9C1C-9D43A1B14A51}.Debug|x64.ActiveCfg = Debug|x64
		{7C0C19C9-BF7C-36C7-9C1C-9D43A1B14A51}.Debug|x64.Build.0 = Debug|x64
		{7C0C19C9-BF7C-36C7-9C1C-9D43A1B14A51}.Release|x64.ActiveCfg = Release|x64
		{7C0C19C9-BF7C-36C7-9C1C-9D43A1B14A51}.Release|x64.Build.0 = Release|x64
		{7C0C19C9-BF7C-36C7-9C1C-9D43A1B14A51}.MinSizeRel|x64.ActiveCfg = MinSizeRel|x64
		{7C0C19C9-BF7C-36C7-9C1C-9D43A1B14A51}.MinSizeRel|x64.Build.0 = MinSizeRel|x64
		{7C0C19C9-BF7C-36C7-9C1C-9D43A1B14A51}.RelWithDebInfo|x64.ActiveCfg = RelWithDebInfo|x64
		{7C0C19C9-BF7C-36C7-9C1C-9D43A1B14A51}.RelWithDebInfo|x64.Build.0 = RelWithDebInfo|x64
		{A43E2A8A-2AA1-3887-95BC-09D73E17C662}.Debug|x64.ActiveCfg = Debug|x64
		{A43E2A8A-2AA1-3887-95BC-09D73E17C662}.Debug|x64.Build.0 = Debug|x64
		{A43E2A8A-2AA1-3887-95BC-09D73E17C662}.Release|x64.ActiveCfg = Release|x64
		{A43E2A8A-2AA1-3887-95BC-09D73E17C662}.Release|x64.Build.0 = Release|x64
		{A43E2A8A-2AA1-3887-95BC-09D73E17C662}.MinSizeRel|x64.ActiveCfg = MinSizeRel|x64
		{A43E2A8A-2AA1-3887-95BC-09D73E17C662}.MinSizeRel|x64.Build.0 = MinSizeRel|x64
		{A43E2A8A-2AA1-3887-95BC-09D73E17C662}.RelWithDebInfo|x64.ActiveCfg = RelWithDebInfo|x64
		{A43E2A8A-2AA1-3887-95BC-09D73E17C662}.RelWithDebInfo|x64.Build.0 = RelWithDebInfo|x64
		{37C06FDE-5378-368A-A031-D56C63FE9911}.Debug|x64.ActiveCfg = Debug|x64
		{37C06FDE-5378-368A-A031-D56C63FE9911}.Debug|x64.Build.0 = Debug|x64
		{37C06FDE-5378-368A-A031-D56C63FE9911}.Release|x64.ActiveCfg = Release|x64
		{37C06FDE-5378-368A-A031-D56C63FE9911}.Release|x64.Build.0 = Release|x64
		{37C06FDE-5378-368A-A031-D56C63FE9911}.MinSizeRel|x64.ActiveCfg = MinSizeRel|x64
		{37C06FDE-5378-368A-A031-D56C63FE9911}.MinSizeRel|x64.Build.0 = MinSizeRel|x64
		{37C06FDE-5378-368A-A031-D56C63FE9911}.RelWithDebInfo|x64.ActiveCfg = RelWithDebInfo|x64
		{37C06FDE-5378-368A-A031-D56C63FE9911}.RelWithDebInfo|x64.Build.0 = RelWithDebInfo|x64
		{58C8A5F8-4EFF-3B60-AA33-206860312081}.Debug|x64.ActiveCfg = Debug|x64
		{58C8A5F8-4EFF-3B60-AA33-206860312081}.Debug|x64.Build.0 = Debug|x64
		{58C8A5F8-4EFF-3B60-AA33-206860312081}.Release|x64.ActiveCfg = Release|x64
		{58C8A5F8-4EFF-3B60-AA33-206860312081}.Release|x64.Build.0 = Release|x64
		{58C8A5F8-4EFF-3B60-AA33-206860312081}.MinSizeRel|x64.ActiveCfg = MinSizeRel|x64
		{58C8A5F8-4EFF-3B60-AA33-206860312081}.MinSizeRel|x64.Build.0 = MinSizeRel|x64
		{58C8A5F8-4EFF-3B60-AA33-206860312081}.RelWithDebInfo|x64.ActiveCfg = RelWithDebInfo|x64
		{58C8A5F8-4EFF-3B60-AA33-206860312081}.RelWithDebInfo|x64.Build.0 = RelWithDebInfo|x64
		{E206FBC5-B3B8-3E6C-94A0-9002D0587A93}.Debug|x64.ActiveCfg = Debug|x64
		{E206FBC5-B3B8-3E6C-94A0-9002D0587A93}.Debug|x64.Build.0 = Debug|x64
		{E206FBC5-B3B8-3E6C-94A0-9002D0587A93}.Release|x64.ActiveCfg = Release|x64
		{E206FBC5-B3B8-3E6C-94A0-9002D0587A93}.Release|x64.Build.0 = Release|x64
		{E206FBC5-B3B8-3E6C-94A0-9002D0587A93}.MinSizeRel|x64.ActiveCfg = MinSizeRel|x64
		{E206FBC5-B3B8-3E6C-94A0-9002D0587A93}.MinSizeRel|x64.Build.0 = MinSizeRel|x64
		{E206FBC5-B3B8-3E6C-94A0-9002D0587A93}.RelWithDebInfo|x64.ActiveCfg = RelWithDebInfo|x64
		{E206FBC5-B3B8-3E6C-94A0-9002D0587A93}.RelWithDebInfo|x64.Build.0 = RelWithDebInfo|x64
		{071E30EF-3FB3-3D62-99B1-E2738414392E}.Debug|x64.ActiveCfg = Debug|x64
		{071E30EF-3FB3-3D62-99B1-E2738414392E}.Release|x64.ActiveCfg = Release|x64
		{071E30EF-3FB3-3D62-99B1-E2738414392E}.MinSizeRel|x64.ActiveCfg = MinSizeRel|x64
		{071E30EF-3FB3-3D62-99B1-E2738414392E}.RelWithDebInfo|x64.ActiveCfg = RelWithDebInfo|x64
		{EF48A13A-BB6B-3ADC-8698-B574F3354E3A}.Debug|x64.ActiveCfg = Debug|x64
		{EF48A13A-BB6B-3ADC-8698-B574F3354E3A}.Release|x64.ActiveCfg = Release|x64
		{EF48A13A-BB6B-3ADC-8698-B574F3354E3A}.MinSizeRel|x64.ActiveCfg = MinSizeRel|x64
		{EF48A13A-BB6B-3ADC-8698-B574F3354E3A}.RelWithDebInfo|x64.ActiveCfg = RelWithDebInfo|x64
		{499114B2-0EA5-3B5C-93FE-44969A2A6086}.Debug|x64.ActiveCfg = Debug|x64
		{499114B2-0EA5-3B5C-93FE-44969A2A6086}.Debug|x64.Build.0 = Debug|x64
		{499114B2-0EA5-3B5C-93FE-44969A2A6086}.Release|x64.ActiveCfg = Release|x64
		{499114B2-0EA5-3B5C-93FE-44969A2A6086}.Release|x64.Build.0 = Release|x64
		{499114B2-0EA5-3B5C-93FE-44969A2A6086}.MinSizeRel|x64.ActiveCfg = MinSizeRel|x64
		{499114B2-0EA5-3B5C-93FE-44969A2A6086}.MinSizeRel|x64.Build.0 = MinSizeRel|x64
		{499114B2-0EA5-3B5C-93FE-44969A2A6086}.RelWithDebInfo|x64.ActiveCfg = RelWithDebInfo|x64
		{499114B2-0EA5-3B5C-93FE-44969A2A6086}.RelWithDebInfo|x64.Build.0 = RelWithDebInfo|x64
		{F898EE3B-11D6-34ED-BFB5-DB7C2CF96E91}.Debug|x64.ActiveCfg = Debug|x64
		{F898EE3B-11D6-34ED-BFB5-DB7C2CF96E91}.Debug|x64.Build.0 = Debug|x64
		{F898EE3B-11D6-34ED-BFB5-DB7C2CF96E91}.Release|x64.ActiveCfg = Release|x64
		{F898EE3B-11D6-34ED-BFB5-DB7C2CF96E91}.Release|x64.Build.0 = Release|x64
		{F898EE3B-11D6-34ED-BFB5-DB7C2CF96E91}.MinSizeRel|x64.ActiveCfg = MinSizeRel|x64
		{F898EE3B-11D6-34ED-BFB5-DB7C2CF96E91}.MinSizeRel|x64.Build.0 = MinSizeRel|x64
		{F898EE3B-11D6-34ED-BFB5-DB7C2CF96E91}.RelWithDebInfo|x64.ActiveCfg = RelWithDebInfo|x64
		{F898EE3B-11D6-34ED-BFB5-DB7C2CF96E91}.RelWithDebInfo|x64.Build.0 = RelWithDebInfo|x64
		{7D1E9498-DC00-315C-931C-83605BF26002}.Debug|x64.ActiveCfg = Debug|x64
		{7D1E9498-DC00-315C-931C-83605BF26002}.Debug|x64.Build.0 = Debug|x64
		{7D1E9498-DC00-315C-931C-83605BF26002}.Release|x64.ActiveCfg = Release|x64
		{7D1E9498-DC00-315C-931C-83605BF26002}.Release|x64.Build.0 = Release|x64
		{7D1E9498-DC00-315C-931C-83605BF26002}.MinSizeRel|x64.ActiveCfg = MinSizeRel|x64
		{7D1E9498-DC00-315C-931C-83605BF26002}.MinSizeRel|x64.Build.0 = MinSizeRel|x64
		{7D1E9498-DC00-315C-931C-83605BF26002}.RelWithDebInfo|x64.ActiveCfg = RelWithDebInfo|x64
		{7D1E9498-DC00-315C-931C-83605BF26002}.RelWithDebInfo|x64.Build.0 = RelWithDebInfo|x64
	EndGlobalSection
	GlobalSection(NestedProjects) = preSolution
		{EE49F648-0FA4-3308-A11D-677E5D43DF64} = {45DCEDFB-5936-3874-859C-BC2C9CE73831}
		{FAD18C56-AF35-3D30-8036-268CA876A4EF} = {45DCEDFB-5936-3874-859C-BC2C9CE73831}
		{17971743-3F47-3163-BE1E-45EC4FE5F9BA} = {45DCEDFB-5936-3874-859C-BC2C9CE73831}
		{2E5E3842-FF2D-346D-99D8-355461EDD23D} = {7866E3ED-67C7-39CE-8D5D-120788A909D2}
		{367D0213-5040-3749-A1A2-7354FD85C62C} = {7866E3ED-67C7-39CE-8D5D-120788A909D2}
		{37620FF7-560E-3A3E-9C64-AE34D233BB0C} = {7866E3ED-67C7-39CE-8D5D-120788A909D2}
		{071E30EF-3FB3-3D62-99B1-E2738414392E} = {7866E3ED-67C7-39CE-8D5D-120788A909D2}
		{EF48A13A-BB6B-3ADC-8698-B574F3354E3A} = {7866E3ED-67C7-39CE-8D5D-120788A909D2}
		{2EFEEAE3-A7BA-3598-9892-EB8D4B1B31F7} = {2E5E3842-FF2D-346D-99D8-355461EDD23D}
		{EEA8488D-911F-34F8-A830-37A3403D058C} = {2E5E3842-FF2D-346D-99D8-355461EDD23D}
		{84DF3CD1-AB11-38A5-B93C-CF4B213E18AB} = {2E5E3842-FF2D-346D-99D8-355461EDD23D}
		{AABBF6C9-09DE-39F6-9F36-4532BEA81552} = {2E5E3842-FF2D-346D-99D8-355461EDD23D}
		{D12B7370-2394-3C1D-A137-880518CA2E59} = {2E5E3842-FF2D-346D-99D8-355461EDD23D}
		{BBB28DB4-3818-3D2C-A594-84D4203CD8D1} = {2E5E3842-FF2D-346D-99D8-355461EDD23D}
		{02977144-F91E-378E-B53B-A7725EC9CFCA} = {2E5E3842-FF2D-346D-99D8-355461EDD23D}
		{37C06FDE-5378-368A-A031-D56C63FE9911} = {2E5E3842-FF2D-346D-99D8-355461EDD23D}
		{58C8A5F8-4EFF-3B60-AA33-206860312081} = {2E5E3842-FF2D-346D-99D8-355461EDD23D}
		{499114B2-0EA5-3B5C-93FE-44969A2A6086} = {2E5E3842-FF2D-346D-99D8-355461EDD23D}
		{7D1E9498-DC00-315C-931C-83605BF26002} = {2E5E3842-FF2D-346D-99D8-355461EDD23D}
		{7A3B2F60-003B-3176-A938-58C51E86BCC3} = {367D0213-5040-3749-A1A2-7354FD85C62C}
		{AD677161-DA99-3F96-8C2A-2223FF89FFFE} = {367D0213-5040-3749-A1A2-7354FD85C62C}
		{2028A116-BF8A-33DC-85CE-DA9CBB9C6002} = {367D0213-5040-3749-A1A2-7354FD85C62C}
		{25D9D076-A778-35AB-9CBA-A051A0FA872D} = {367D0213-5040-3749-A1A2-7354FD85C62C}
		{6E650D0D-882C-3036-A0DE-F70C753E9B19} = {367D0213-5040-3749-A1A2-7354FD85C62C}
		{6765C01E-D521-388C-A1C6-E8875CCB1BF0} = {367D0213-5040-3749-A1A2-7354FD85C62C}
		{9D56AFBD-B25E-3F42-AE58-1B46C5C948B9} = {367D0213-5040-3749-A1A2-7354FD85C62C}
		{58D665CB-237A-34E5-8C2C-F5CE1F7AE9E0} = {367D0213-5040-3749-A1A2-7354FD85C62C}
		{B5F1595E-4120-3CC3-8482-9029627F108F} = {367D0213-5040-3749-A1A2-7354FD85C62C}
		{EA31FCC7-02CA-34C9-AE3C-A0BB89751726} = {367D0213-5040-3749-A1A2-7354FD85C62C}
		{2BFAEF00-126F-31DF-820B-076E294BD34E} = {367D0213-5040-3749-A1A2-7354FD85C62C}
		{DAD0C144-7DE7-3313-BBA2-23BE6534708D} = {367D0213-5040-3749-A1A2-7354FD85C62C}
		{B4F75CF2-FB1D-3833-9644-10F0DD258460} = {367D0213-5040-3749-A1A2-7354FD85C62C}
		{4BA354F0-037F-36FC-A5D4-3B193DCFB999} = {367D0213-5040-3749-A1A2-7354FD85C62C}
		{BC80CC7B-D8F7-39A4-892C-3CFDAD717CBD} = {367D0213-5040-3749-A1A2-7354FD85C62C}
		{52E6A445-0B57-3C6B-A582-2FA89DCD7246} = {367D0213-5040-3749-A1A2-7354FD85C62C}
		{7C0C19C9-BF7C-36C7-9C1C-9D43A1B14A51} = {367D0213-5040-3749-A1A2-7354FD85C62C}
		{A43E2A8A-2AA1-3887-95BC-09D73E17C662} = {367D0213-5040-3749-A1A2-7354FD85C62C}
		{E206FBC5-B3B8-3E6C-94A0-9002D0587A93} = {367D0213-5040-3749-A1A2-7354FD85C62C}
		{F898EE3B-11D6-34ED-BFB5-DB7C2CF96E91} = {367D0213-5040-3749-A1A2-7354FD85C62C}
	EndGlobalSection
	GlobalSection(ExtensibilityGlobals) = postSolution
		SolutionGuid = {CC948FD0-BC55-3622-A492-7569FA3567A4}
	EndGlobalSection
	GlobalSection(ExtensibilityAddIns) = postSolution
	EndGlobalSection
EndGlobal
